
Microsoft Visual Studio Solution File, Format Version 12.00
# Visual Studio Version 17
VisualStudioVersion = 17.8.34322.80
MinimumVisualStudioVersion = 10.0.40219.1
Project("{8BC9CEB8-8B4A-11D0-8D11-00A0C91BC942}") = "10_01", "10_01\10_01.vcxproj", "{31204654-38C0-464C-B1C9-A13C0FA40394}"
EndProject
Project("{8BC9CEB8-8B4A-11D0-8D11-00A0C91BC942}") = "10_02", "10_02\10_02.vcxproj", "{2EEDFF63-C7AF-4189-8255-03A70988723D}"
EndProject
Project("{8BC9CEB8-8B4A-11D0-8D11-00A0C91BC942}") = "10_03", "10_03\10_03.vcxproj", "{A157819D-7F20-4DEB-8F5D-CC97C550E1E6}"
EndProject
Project("{8BC9CEB8-8B4A-11D0-8D11-00A0C91BC942}") = "10_04", "10_04\10_04.vcxproj", "{D7F8C888-F63A-4A62-8B0C-FCA0C69AD8A1}"
EndProject
Project("{8BC9CEB8-8B4A-11D0-8D11-00A0C91BC942}") = "10_05", "10_05\10_05.vcxproj", "{2A2D624C-D740-41CF-B684-486FC59C836B}"
EndProject
Global
	GlobalSection(SolutionConfigurationPlatforms) = preSolution
		Debug|x64 = Debug|x64
		Debug|x86 = Debug|x86
		Release|x64 = Release|x64
		Release|x86 = Release|x86
	EndGlobalSection
	GlobalSection(ProjectConfigurationPlatforms) = postSolution
		{31204654-38C0-464C-B1C9-A13C0FA40394}.Debug|x64.ActiveCfg = Debug|x64
		{31204654-38C0-464C-B1C9-A13C0FA40394}.Debug|x64.Build.0 = Debug|x64
		{31204654-38C0-464C-B1C9-A13C0FA40394}.Debug|x86.ActiveCfg = Debug|Win32
		{31204654-38C0-464C-B1C9-A13C0FA40394}.Debug|x86.Build.0 = Debug|Win32
		{31204654-38C0-464C-B1C9-A13C0FA40394}.Release|x64.ActiveCfg = Release|x64
		{31204654-38C0-464C-B1C9-A13C0FA40394}.Release|x64.Build.0 = Release|x64
		{31204654-38C0-464C-B1C9-A13C0FA40394}.Release|x86.ActiveCfg = Release|Win32
		{31204654-38C0-464C-B1C9-A13C0FA40394}.Release|x86.Build.0 = Release|Win32
		{2EEDFF63-C7AF-4189-8255-03A70988723D}.Debug|x64.ActiveCfg = Debug|x64
		{2EEDFF63-C7AF-4189-8255-03A70988723D}.Debug|x64.Build.0 = Debug|x64
		{2EEDFF63-C7AF-4189-8255-03A70988723D}.Debug|x86.ActiveCfg = Debug|Win32
		{2EEDFF63-C7AF-4189-8255-03A70988723D}.Debug|x86.Build.0 = Debug|Win32
		{2EEDFF63-C7AF-4189-8255-03A70988723D}.Release|x64.ActiveCfg = Release|x64
		{2EEDFF63-C7AF-4189-8255-03A70988723D}.Release|x64.Build.0 = Release|x64
		{2EEDFF63-C7AF-4189-8255-03A70988723D}.Release|x86.ActiveCfg = Release|Win32
		{2EEDFF63-C7AF-4189-8255-03A70988723D}.Release|x86.Build.0 = Release|Win32
		{A157819D-7F20-4DEB-8F5D-CC97C550E1E6}.Debug|x64.ActiveCfg = Debug|x64
		{A157819D-7F20-4DEB-8F5D-CC97C550E1E6}.Debug|x64.Build.0 = Debug|x64
		{A157819D-7F20-4DEB-8F5D-CC97C550E1E6}.Debug|x86.ActiveCfg = Debug|Win32
		{A157819D-7F20-4DEB-8F5D-CC97C550E1E6}.Debug|x86.Build.0 = Debug|Win32
		{A157819D-7F20-4DEB-8F5D-CC97C550E1E6}.Release|x64.ActiveCfg = Release|x64
		{A157819D-7F20-4DEB-8F5D-CC97C550E1E6}.Release|x64.Build.0 = Release|x64
		{A157819D-7F20-4DEB-8F5D-CC97C550E1E6}.Release|x86.ActiveCfg = Release|Win32
		{A157819D-7F20-4DEB-8F5D-CC97C550E1E6}.Release|x86.Build.0 = Release|Win32
		{D7F8C888-F63A-4A62-8B0C-FCA0C69AD8A1}.Debug|x64.ActiveCfg = Debug|x64
		{D7F8C888-F63A-4A62-8B0C-FCA0C69AD8A1}.Debug|x64.Build.0 = Debug|x64
		{D7F8C888-F63A-4A62-8B0C-FCA0C69AD8A1}.Debug|x86.ActiveCfg = Debug|Win32
		{D7F8C888-F63A-4A62-8B0C-FCA0C69AD8A1}.Debug|x86.Build.0 = Debug|Win32
		{D7F8C888-F63A-4A62-8B0C-FCA0C69AD8A1}.Release|x64.ActiveCfg = Release|x64
		{D7F8C888-F63A-4A62-8B0C-FCA0C69AD8A1}.Release|x64.Build.0 = Release|x64
		{D7F8C888-F63A-4A62-8B0C-FCA0C69AD8A1}.Release|x86.ActiveCfg = Release|Win32
		{D7F8C888-F63A-4A62-8B0C-FCA0C69AD8A1}.Release|x86.Build.0 = Release|Win32
		{2A2D624C-D740-41CF-B684-486FC59C836B}.Debug|x64.ActiveCfg = Debug|x64
		{2A2D624C-D740-41CF-B684-486FC59C836B}.Debug|x64.Build.0 = Debug|x64
		{2A2D624C-D740-41CF-B684-486FC59C836B}.Debug|x86.ActiveCfg = Debug|Win32
		{2A2D624C-D740-41CF-B684-486FC59C836B}.Debug|x86.Build.0 = Debug|Win32
		{2A2D624C-D740-41CF-B684-486FC59C836B}.Release|x64.ActiveCfg = Release|x64
		{2A2D624C-D740-41CF-B684-486FC59C836B}.Release|x64.Build.0 = Release|x64
		{2A2D624C-D740-41CF-B684-486FC59C836B}.Release|x86.ActiveCfg = Release|Win32
		{2A2D624C-D740-41CF-B684-486FC59C836B}.Release|x86.Build.0 = Release|Win32
	EndGlobalSection
	GlobalSection(SolutionProperties) = preSolution
		HideSolutionNode = FALSE
	EndGlobalSection
	GlobalSection(ExtensibilityGlobals) = postSolution
		SolutionGuid = {464178A8-61AB-4FF7-B4EF-63BE41C0B0E1}
	EndGlobalSection
EndGlobal
