
Microsoft Visual Studio Solution File, Format Version 12.00
# Visual Studio Version 17
VisualStudioVersion = 17.7.34202.233
MinimumVisualStudioVersion = 10.0.40219.1
Project("{8BC9CEB8-8B4A-11D0-8D11-00A0C91BC942}") = "06_01", "06_01\06_01.vcxproj", "{98FE6915-146E-41D2-846F-D751CFD8B835}"
EndProject
Project("{8BC9CEB8-8B4A-11D0-8D11-00A0C91BC942}") = "06_02", "06_02\06_02.vcxproj", "{815E6FCF-816F-43A9-91D4-F4BC1359722E}"
EndProject
Project("{8BC9CEB8-8B4A-11D0-8D11-00A0C91BC942}") = "06_03", "06_03\06_03.vcxproj", "{9C6B1083-9801-4486-BAB0-959EB3E1C804}"
EndProject
Project("{8BC9CEB8-8B4A-11D0-8D11-00A0C91BC942}") = "06_04", "06_04\06_04.vcxproj", "{A6E3DE77-A6BD-421B-B7FE-8067C96F8069}"
EndProject
Project("{8BC9CEB8-8B4A-11D0-8D11-00A0C91BC942}") = "06_05", "06_05\06_05.vcxproj", "{6BC55DBE-7477-40F7-936F-2D8419F1DBB4}"
EndProject
Global
	GlobalSection(SolutionConfigurationPlatforms) = preSolution
		Debug|x64 = Debug|x64
		Debug|x86 = Debug|x86
		Release|x64 = Release|x64
		Release|x86 = Release|x86
	EndGlobalSection
	GlobalSection(ProjectConfigurationPlatforms) = postSolution
		{98FE6915-146E-41D2-846F-D751CFD8B835}.Debug|x64.ActiveCfg = Debug|x64
		{98FE6915-146E-41D2-846F-D751CFD8B835}.Debug|x64.Build.0 = Debug|x64
		{98FE6915-146E-41D2-846F-D751CFD8B835}.Debug|x86.ActiveCfg = Debug|Win32
		{98FE6915-146E-41D2-846F-D751CFD8B835}.Debug|x86.Build.0 = Debug|Win32
		{98FE6915-146E-41D2-846F-D751CFD8B835}.Release|x64.ActiveCfg = Release|x64
		{98FE6915-146E-41D2-846F-D751CFD8B835}.Release|x64.Build.0 = Release|x64
		{98FE6915-146E-41D2-846F-D751CFD8B835}.Release|x86.ActiveCfg = Release|Win32
		{98FE6915-146E-41D2-846F-D751CFD8B835}.Release|x86.Build.0 = Release|Win32
		{815E6FCF-816F-43A9-91D4-F4BC1359722E}.Debug|x64.ActiveCfg = Debug|x64
		{815E6FCF-816F-43A9-91D4-F4BC1359722E}.Debug|x64.Build.0 = Debug|x64
		{815E6FCF-816F-43A9-91D4-F4BC1359722E}.Debug|x86.ActiveCfg = Debug|Win32
		{815E6FCF-816F-43A9-91D4-F4BC1359722E}.Debug|x86.Build.0 = Debug|Win32
		{815E6FCF-816F-43A9-91D4-F4BC1359722E}.Release|x64.ActiveCfg = Release|x64
		{815E6FCF-816F-43A9-91D4-F4BC1359722E}.Release|x64.Build.0 = Release|x64
		{815E6FCF-816F-43A9-91D4-F4BC1359722E}.Release|x86.ActiveCfg = Release|Win32
		{815E6FCF-816F-43A9-91D4-F4BC1359722E}.Release|x86.Build.0 = Release|Win32
		{9C6B1083-9801-4486-BAB0-959EB3E1C804}.Debug|x64.ActiveCfg = Debug|x64
		{9C6B1083-9801-4486-BAB0-959EB3E1C804}.Debug|x64.Build.0 = Debug|x64
		{9C6B1083-9801-4486-BAB0-959EB3E1C804}.Debug|x86.ActiveCfg = Debug|Win32
		{9C6B1083-9801-4486-BAB0-959EB3E1C804}.Debug|x86.Build.0 = Debug|Win32
		{9C6B1083-9801-4486-BAB0-959EB3E1C804}.Release|x64.ActiveCfg = Release|x64
		{9C6B1083-9801-4486-BAB0-959EB3E1C804}.Release|x64.Build.0 = Release|x64
		{9C6B1083-9801-4486-BAB0-959EB3E1C804}.Release|x86.ActiveCfg = Release|Win32
		{9C6B1083-9801-4486-BAB0-959EB3E1C804}.Release|x86.Build.0 = Release|Win32
		{A6E3DE77-A6BD-421B-B7FE-8067C96F8069}.Debug|x64.ActiveCfg = Debug|x64
		{A6E3DE77-A6BD-421B-B7FE-8067C96F8069}.Debug|x64.Build.0 = Debug|x64
		{A6E3DE77-A6BD-421B-B7FE-8067C96F8069}.Debug|x86.ActiveCfg = Debug|Win32
		{A6E3DE77-A6BD-421B-B7FE-8067C96F8069}.Debug|x86.Build.0 = Debug|Win32
		{A6E3DE77-A6BD-421B-B7FE-8067C96F8069}.Release|x64.ActiveCfg = Release|x64
		{A6E3DE77-A6BD-421B-B7FE-8067C96F8069}.Release|x64.Build.0 = Release|x64
		{A6E3DE77-A6BD-421B-B7FE-8067C96F8069}.Release|x86.ActiveCfg = Release|Win32
		{A6E3DE77-A6BD-421B-B7FE-8067C96F8069}.Release|x86.Build.0 = Release|Win32
		{6BC55DBE-7477-40F7-936F-2D8419F1DBB4}.Debug|x64.ActiveCfg = Debug|x64
		{6BC55DBE-7477-40F7-936F-2D8419F1DBB4}.Debug|x64.Build.0 = Debug|x64
		{6BC55DBE-7477-40F7-936F-2D8419F1DBB4}.Debug|x86.ActiveCfg = Debug|Win32
		{6BC55DBE-7477-40F7-936F-2D8419F1DBB4}.Debug|x86.Build.0 = Debug|Win32
		{6BC55DBE-7477-40F7-936F-2D8419F1DBB4}.Release|x64.ActiveCfg = Release|x64
		{6BC55DBE-7477-40F7-936F-2D8419F1DBB4}.Release|x64.Build.0 = Release|x64
		{6BC55DBE-7477-40F7-936F-2D8419F1DBB4}.Release|x86.ActiveCfg = Release|Win32
		{6BC55DBE-7477-40F7-936F-2D8419F1DBB4}.Release|x86.Build.0 = Release|Win32
	EndGlobalSection
	GlobalSection(SolutionProperties) = preSolution
		HideSolutionNode = FALSE
	EndGlobalSection
	GlobalSection(ExtensibilityGlobals) = postSolution
		SolutionGuid = {A7799750-5867-45BB-83E9-655F773882C2}
	EndGlobalSection
EndGlobal
